<?xml version="1.0" encoding="utf-8"?>
<Project ToolsVersion="4.0" xmlns="http://schemas.microsoft.com/developer/msbuild/2003">
  <ItemGroup>
    <Filter Include="Source Files">
      <UniqueIdentifier>{4FC737F1-C7A5-4376-A066-2A32D752A2FF}</UniqueIdentifier>
      <Extensions>cpp;c;cc;cxx;def;odl;idl;hpj;bat;asm;asmx</Extensions>
    </Filter>
    <Filter Include="Header Files">
      <UniqueIdentifier>{93995380-89BD-4b04-88EB-625FBE52EBFB}</UniqueIdentifier>
      <Extensions>h;hh;hpp;hxx;hm;inl;inc;xsd</Extensions>
    </Filter>
    <Filter Include="Resource Files">
      <UniqueIdentifier>{67DA6AB6-F800-4c08-8B7A-83BB121AAD01}</UniqueIdentifier>
      <Extensions>rc;ico;cur;bmp;dlg;rc2;rct;bin;rgs;gif;jpg;jpeg;jpe;resx;tiff;tif;png;wav;mfcribbon-ms</Extensions>
    </Filter>
    <Filter Include="Header Files\Utility">
      <UniqueIdentifier>{372c842e-8b43-464f-b6bd-57f62298ac0f}</UniqueIdentifier>
    </Filter>
    <Filter Include="Source Files\Utility">
      <UniqueIdentifier>{9b9328db-b9d4-4541-8c2a-ce22c3ad0eef}</UniqueIdentifier>
    </Filter>
    <Filter Include="Header Files\Core">
      <UniqueIdentifier>{9cf3033c-2a50-42e6-b07b-7ab41f8a4943}</UniqueIdentifier>
    </Filter>
    <Filter Include="Header Files\Graphics">
      <UniqueIdentifier>{b83e7043-0f7f-4577-8c34-fce2c9e52694}</UniqueIdentifier>
    </Filter>
    <Filter Include="Source Files\Core">
      <UniqueIdentifier>{c7ca5b8c-0aa3-461f-bc1c-7025f2cda57e}</UniqueIdentifier>
    </Filter>
    <Filter Include="Source Files\Graphics">
      <UniqueIdentifier>{dfd933c5-9b0a-438c-8cd9-bbb6c5957ab6}</UniqueIdentifier>
    </Filter>
    <Filter Include="Header Files\Core\Internal">
      <UniqueIdentifier>{ae5d6217-a1a2-40ef-aa27-8d1095ebb029}</UniqueIdentifier>
    </Filter>
    <Filter Include="Source Files\Core\Internal">
      <UniqueIdentifier>{410be00e-050d-49da-81b6-40ebc3a9f2eb}</UniqueIdentifier>
    </Filter>
    <Filter Include="Header Files\Graphics\Internal">
      <UniqueIdentifier>{66f6d847-eb32-47a8-94fa-506cde0d9778}</UniqueIdentifier>
    </Filter>
    <Filter Include="Source Files\Graphics\Internal">
      <UniqueIdentifier>{f66c84b3-e37b-4152-a162-4436d8c13248}</UniqueIdentifier>
    </Filter>
    <Filter Include="Header Files\Utility\Internal">
      <UniqueIdentifier>{95d03dba-f206-423f-a7b0-9b99b0f42b95}</UniqueIdentifier>
    </Filter>
    <Filter Include="Source Files\Utility\Internal">
      <UniqueIdentifier>{2830ebfb-16c7-4dda-94d1-7b961037d8f7}</UniqueIdentifier>
    </Filter>
    <Filter Include="Header Files\Core\Internal\OpenGL">
      <UniqueIdentifier>{9f501d15-e9c0-482f-8c55-27b210526c50}</UniqueIdentifier>
    </Filter>
    <Filter Include="Header Files\Core\Internal\DirectX11">
      <UniqueIdentifier>{a65ef48e-9e49-49af-a478-4c071bb34fb2}</UniqueIdentifier>
    </Filter>
    <Filter Include="Header Files\Utility\Internal\OpenGL">
      <UniqueIdentifier>{f00b8eea-eb1f-4010-9bdb-ddf906b92079}</UniqueIdentifier>
    </Filter>
    <Filter Include="Source Files\Core\Internal\OpenGL">
      <UniqueIdentifier>{8e9b1cf0-d50f-4afe-a991-80b286980a5c}</UniqueIdentifier>
    </Filter>
    <Filter Include="Source Files\Core\Internal\DirectX11">
      <UniqueIdentifier>{6ff1df51-1e10-4bbd-b132-b72a1513a138}</UniqueIdentifier>
    </Filter>
    <Filter Include="Header Files\Utility\Internal\DirectX11">
      <UniqueIdentifier>{deff472a-c70d-471c-ab09-7a87412a455a}</UniqueIdentifier>
    </Filter>
    <Filter Include="Header Files\Physics">
      <UniqueIdentifier>{fefcf967-ac05-4d72-96f6-886924b4ace9}</UniqueIdentifier>
    </Filter>
    <Filter Include="Source Files\Physics">
      <UniqueIdentifier>{584107a9-a0f6-4a30-8e66-6457356962a2}</UniqueIdentifier>
    </Filter>
  </ItemGroup>
  <ItemGroup>
    <ClInclude Include="Include\LuxPCH.h">
      <Filter>Header Files</Filter>
    </ClInclude>
    <ClInclude Include="Include\Lux.h">
      <Filter>Header Files</Filter>
    </ClInclude>
    <ClInclude Include="Include\LuxDefines.h">
      <Filter>Header Files\Utility</Filter>
    </ClInclude>
    <ClInclude Include="Include\LuxTimer.h">
      <Filter>Header Files\Utility</Filter>
    </ClInclude>
    <ClInclude Include="Include\LuxThreadSafeQueue.h">
      <Filter>Header Files\Utility</Filter>
    </ClInclude>
    <ClInclude Include="Include\LuxSingleton.h">
      <Filter>Header Files\Utility</Filter>
    </ClInclude>
    <ClInclude Include="Include\LuxLog.h">
      <Filter>Header Files\Utility</Filter>
    </ClInclude>
    <ClInclude Include="Include\LuxHelpers.h">
      <Filter>Header Files\Utility</Filter>
    </ClInclude>
    <ClInclude Include="Include\LuxEntity.h">
      <Filter>Header Files\Core</Filter>
    </ClInclude>
    <ClInclude Include="Include\LuxEntityFactory.h">
      <Filter>Header Files\Core</Filter>
    </ClInclude>
    <ClInclude Include="Include\LuxKey.h">
      <Filter>Header Files\Core</Filter>
    </ClInclude>
    <ClInclude Include="Include\LuxObjectPool.h">
      <Filter>Header Files\Core</Filter>
    </ClInclude>
    <ClInclude Include="Include\LuxEventListener.h">
      <Filter>Header Files\Core</Filter>
    </ClInclude>
    <ClInclude Include="Include\LuxComponentFactory.h">
      <Filter>Header Files\Core</Filter>
    </ClInclude>
    <ClInclude Include="Include\LuxApplication.h">
      <Filter>Header Files</Filter>
    </ClInclude>
    <ClInclude Include="Include\LuxComponent.h">
      <Filter>Header Files\Core</Filter>
    </ClInclude>
    <ClInclude Include="Include\LuxResourceHandler.h">
      <Filter>Header Files\Core</Filter>
    </ClInclude>
    <ClInclude Include="Include\LuxSystem.h">
      <Filter>Header Files\Core</Filter>
    </ClInclude>
    <ClInclude Include="Include\LuxSystemFactory.h">
      <Filter>Header Files\Core</Filter>
    </ClInclude>
    <ClInclude Include="Include\LuxTransform.h">
      <Filter>Header Files\Core</Filter>
    </ClInclude>
    <ClInclude Include="Include\LuxSceneManager.h">
      <Filter>Header Files\Core</Filter>
    </ClInclude>
    <ClInclude Include="Include\LuxFileHandler.h">
      <Filter>Header Files\Core</Filter>
    </ClInclude>
    <ClInclude Include="Include\LuxMeshRenderer.h">
      <Filter>Header Files\Graphics</Filter>
    </ClInclude>
    <ClInclude Include="Include\LuxRenderingSystem.h">
      <Filter>Header Files\Graphics</Filter>
    </ClInclude>
    <ClInclude Include="Include\LuxPlatform.h">
      <Filter>Header Files\Core</Filter>
    </ClInclude>
    <ClInclude Include="Include\LuxMesh.h">
      <Filter>Header Files\Core</Filter>
    </ClInclude>
    <ClInclude Include="Include\LuxMeshAnimation.h">
      <Filter>Header Files\Core</Filter>
    </ClInclude>
    <ClInclude Include="Include\LuxSubMesh.h">
      <Filter>Header Files\Core</Filter>
    </ClInclude>
    <ClInclude Include="Include\LuxEventSystem.h">
      <Filter>Header Files\Core</Filter>
    </ClInclude>
    <ClInclude Include="Include\LuxTexture.h">
      <Filter>Header Files\Core</Filter>
    </ClInclude>
    <ClInclude Include="Include\LuxTexture1D.h">
      <Filter>Header Files\Core</Filter>
    </ClInclude>
    <ClInclude Include="Include\LuxTexture2D.h">
      <Filter>Header Files\Core</Filter>
    </ClInclude>
    <ClInclude Include="Include\LuxTexture3D.h">
      <Filter>Header Files\Core</Filter>
    </ClInclude>
    <ClInclude Include="Include\LuxShader.h">
      <Filter>Header Files\Core</Filter>
    </ClInclude>
    <ClInclude Include="Include\LuxFileScanner.h">
      <Filter>Header Files\Core</Filter>
    </ClInclude>
    <ClInclude Include="Include\LuxScannerToParser.h">
      <Filter>Header Files\Core</Filter>
    </ClInclude>
    <ClInclude Include="Include\LuxShaderFileParser.h">
      <Filter>Header Files\Core</Filter>
    </ClInclude>
    <ClInclude Include="Include\LuxRenderWindow.h">
      <Filter>Header Files\Core</Filter>
    </ClInclude>
    <ClInclude Include="Include\LuxVertex.h">
      <Filter>Header Files\Core</Filter>
    </ClInclude>
    <ClInclude Include="Include\LuxCamera.h">
      <Filter>Header Files\Graphics</Filter>
    </ClInclude>
    <ClInclude Include="Include\LuxFreeLookCamera.h">
      <Filter>Header Files\Core</Filter>
    </ClInclude>
    <ClInclude Include="Include\LuxKeyCodes.h">
      <Filter>Header Files\Core</Filter>
    </ClInclude>
    <ClInclude Include="Include\LuxLight.h">
      <Filter>Header Files\Graphics</Filter>
    </ClInclude>
    <ClInclude Include="Include\LuxMeshPostProcess.h">
      <Filter>Header Files\Core</Filter>
    </ClInclude>
    <ClInclude Include="Include\LuxBehaviourSystem.h">
      <Filter>Header Files\Core</Filter>
    </ClInclude>
    <ClInclude Include="Include\Internal\OpenGL\LuxBufferOGL.h">
      <Filter>Header Files\Core\Internal\OpenGL</Filter>
    </ClInclude>
    <ClInclude Include="Include\Internal\OpenGL\LuxEventListenerOGL.h">
      <Filter>Header Files\Core\Internal\OpenGL</Filter>
    </ClInclude>
    <ClInclude Include="Include\Internal\OpenGL\LuxMeshOGL.h">
      <Filter>Header Files\Core\Internal\OpenGL</Filter>
    </ClInclude>
    <ClInclude Include="Include\Internal\OpenGL\LuxPlatformOGL.h">
      <Filter>Header Files\Core\Internal\OpenGL</Filter>
    </ClInclude>
    <ClInclude Include="Include\Internal\OpenGL\LuxRenderWindowOGL.h">
      <Filter>Header Files\Core\Internal\OpenGL</Filter>
    </ClInclude>
    <ClInclude Include="Include\Internal\OpenGL\LuxResourceHandlerOGL.h">
      <Filter>Header Files\Core\Internal\OpenGL</Filter>
    </ClInclude>
    <ClInclude Include="Include\Internal\OpenGL\LuxShaderOGL.h">
      <Filter>Header Files\Core\Internal\OpenGL</Filter>
    </ClInclude>
    <ClInclude Include="Include\Internal\OpenGL\LuxSubMeshOGL.h">
      <Filter>Header Files\Core\Internal\OpenGL</Filter>
    </ClInclude>
    <ClInclude Include="Include\Internal\OpenGL\LuxTexture1DOGL.h">
      <Filter>Header Files\Core\Internal\OpenGL</Filter>
    </ClInclude>
    <ClInclude Include="Include\Internal\OpenGL\LuxTexture2DOGL.h">
      <Filter>Header Files\Core\Internal\OpenGL</Filter>
    </ClInclude>
    <ClInclude Include="Include\Internal\OpenGL\LuxTexture3DOGL.h">
      <Filter>Header Files\Core\Internal\OpenGL</Filter>
    </ClInclude>
    <ClInclude Include="Include\Internal\OpenGL\LuxVertexArrayOGL.h">
      <Filter>Header Files\Core\Internal\OpenGL</Filter>
    </ClInclude>
    <ClInclude Include="Include\Internal\OpenGL\LuxErrorCheckOGL.h">
      <Filter>Header Files\Utility\Internal\OpenGL</Filter>
    </ClInclude>
    <ClInclude Include="Include\Internal\DirectX11\LuxPlatformDX11.h">
      <Filter>Header Files\Core\Internal\DirectX11</Filter>
    </ClInclude>
    <ClInclude Include="Include\Internal\DirectX11\LuxRenderWindowDX11.h">
      <Filter>Header Files\Core\Internal\DirectX11</Filter>
    </ClInclude>
    <ClInclude Include="Include\Internal\DirectX11\LuxResourceHandlerDX11.h">
      <Filter>Header Files\Core\Internal\DirectX11</Filter>
    </ClInclude>
    <ClInclude Include="Include\Internal\DirectX11\LuxEventListenerDX11.h">
      <Filter>Header Files\Core\Internal\DirectX11</Filter>
    </ClInclude>
    <ClInclude Include="Include\Internal\DirectX11\LuxMeshDX11.h">
      <Filter>Header Files\Core\Internal\DirectX11</Filter>
    </ClInclude>
    <ClInclude Include="Include\Internal\DirectX11\LuxSubMeshDX11.h">
      <Filter>Header Files\Core\Internal\DirectX11</Filter>
    </ClInclude>
    <ClInclude Include="Include\Internal\DirectX11\LuxShaderDX11.h">
      <Filter>Header Files\Core\Internal\DirectX11</Filter>
    </ClInclude>
    <ClInclude Include="Include\Internal\DirectX11\LuxTexture1DDX11.h">
      <Filter>Header Files\Core\Internal\DirectX11</Filter>
    </ClInclude>
    <ClInclude Include="Include\Internal\DirectX11\LuxTexture2DDX11.h">
      <Filter>Header Files\Core\Internal\DirectX11</Filter>
    </ClInclude>
    <ClInclude Include="Include\Internal\DirectX11\LuxTexture3DDX11.h">
      <Filter>Header Files\Core\Internal\DirectX11</Filter>
    </ClInclude>
    <ClInclude Include="Include\LuxTextureSampler.h">
      <Filter>Header Files\Core</Filter>
    </ClInclude>
    <ClInclude Include="Include\Internal\OpenGL\LuxTextureSamplerOGL.h">
      <Filter>Header Files\Core\Internal\OpenGL</Filter>
    </ClInclude>
    <ClInclude Include="Include\Internal\DirectX11\LuxTextureSamplerDX11.h">
      <Filter>Header Files\Core\Internal\DirectX11</Filter>
    </ClInclude>
    <ClInclude Include="Include\LuxPhysicsSystem.h">
      <Filter>Header Files\Physics</Filter>
    </ClInclude>
    <ClInclude Include="Include\LuxDynamicRigidBody.h">
      <Filter>Header Files\Physics</Filter>
    </ClInclude>
    <ClInclude Include="Include\LuxStaticRigidBody.h">
      <Filter>Header Files\Physics</Filter>
    </ClInclude>
    <ClInclude Include="Include\LuxPhysicsMaterial.h">
      <Filter>Header Files\Physics</Filter>
    </ClInclude>
    <ClInclude Include="Include\LuxMaterialResource.h">
      <Filter>Header Files\Core</Filter>
    </ClInclude>
    <ClInclude Include="Include\LuxBehaviour.h">
      <Filter>Header Files\Core</Filter>
    </ClInclude>
    <ClInclude Include="Include\LuxMaterial.h">
      <Filter>Header Files\Graphics</Filter>
    </ClInclude>
  </ItemGroup>
  <ItemGroup>
    <ClCompile Include="Source\LuxApplication.cpp">
      <Filter>Source Files</Filter>
    </ClCompile>
    <ClCompile Include="Source\LuxPCH.cpp">
      <Filter>Source Files</Filter>
    </ClCompile>
    <ClCompile Include="Source\LuxHelpers.cpp">
      <Filter>Source Files\Utility</Filter>
    </ClCompile>
    <ClCompile Include="Source\LuxThreadSafeQueue.cpp">
      <Filter>Source Files\Utility</Filter>
    </ClCompile>
    <ClCompile Include="Source\LuxTimer.cpp">
      <Filter>Source Files\Utility</Filter>
    </ClCompile>
    <ClCompile Include="Source\LuxComponent.cpp">
      <Filter>Source Files\Core</Filter>
    </ClCompile>
    <ClCompile Include="Source\LuxComponentFactory.cpp">
      <Filter>Source Files\Core</Filter>
    </ClCompile>
    <ClCompile Include="Source\LuxEntity.cpp">
      <Filter>Source Files\Core</Filter>
    </ClCompile>
    <ClCompile Include="Source\LuxEntityFactory.cpp">
      <Filter>Source Files\Core</Filter>
    </ClCompile>
    <ClCompile Include="Source\LuxEventListener.cpp">
      <Filter>Source Files\Core</Filter>
    </ClCompile>
    <ClCompile Include="Source\LuxFileHandler.cpp">
      <Filter>Source Files\Core</Filter>
    </ClCompile>
    <ClCompile Include="Source\LuxKey.cpp">
      <Filter>Source Files\Core</Filter>
    </ClCompile>
    <ClCompile Include="Source\LuxRenderingSystem.cpp">
      <Filter>Source Files\Graphics</Filter>
    </ClCompile>
    <ClCompile Include="Source\LuxMeshRenderer.cpp">
      <Filter>Source Files\Graphics</Filter>
    </ClCompile>
    <ClCompile Include="Source\LuxResourceHandler.cpp">
      <Filter>Source Files\Core</Filter>
    </ClCompile>
    <ClCompile Include="Source\LuxSceneManager.cpp">
      <Filter>Source Files\Core</Filter>
    </ClCompile>
    <ClCompile Include="Source\LuxSystem.cpp">
      <Filter>Source Files\Core</Filter>
    </ClCompile>
    <ClCompile Include="Source\LuxSystemFactory.cpp">
      <Filter>Source Files\Core</Filter>
    </ClCompile>
    <ClCompile Include="Source\LuxTransform.cpp">
      <Filter>Source Files\Core</Filter>
    </ClCompile>
    <ClCompile Include="Source\LuxRenderWindow.cpp">
      <Filter>Source Files\Core</Filter>
    </ClCompile>
    <ClCompile Include="Source\LuxMesh.cpp">
      <Filter>Source Files\Core</Filter>
    </ClCompile>
    <ClCompile Include="Source\LuxMeshAnimation.cpp">
      <Filter>Source Files\Core</Filter>
    </ClCompile>
    <ClCompile Include="Source\LuxSubMesh.cpp">
      <Filter>Source Files\Core</Filter>
    </ClCompile>
    <ClCompile Include="Source\LuxPlatform.cpp">
      <Filter>Source Files\Core</Filter>
    </ClCompile>
    <ClCompile Include="Source\LuxEventSystem.cpp">
      <Filter>Source Files\Core</Filter>
    </ClCompile>
    <ClCompile Include="Source\LuxTexture.cpp">
      <Filter>Source Files\Core</Filter>
    </ClCompile>
    <ClCompile Include="Source\LuxTexture1D.cpp">
      <Filter>Source Files\Core</Filter>
    </ClCompile>
    <ClCompile Include="Source\LuxTexture2D.cpp">
      <Filter>Source Files\Core</Filter>
    </ClCompile>
    <ClCompile Include="Source\LuxTexture3D.cpp">
      <Filter>Source Files\Core</Filter>
    </ClCompile>
    <ClCompile Include="Source\LuxShader.cpp">
      <Filter>Source Files\Core</Filter>
    </ClCompile>
    <ClCompile Include="Source\LuxFileScanner.c">
      <Filter>Source Files\Core</Filter>
    </ClCompile>
    <ClCompile Include="Source\LuxScannerToParser.cpp">
      <Filter>Source Files\Core</Filter>
    </ClCompile>
    <ClCompile Include="Source\LuxShaderFileParser.cpp">
      <Filter>Source Files\Core</Filter>
    </ClCompile>
    <ClCompile Include="Source\LuxVertex.cpp">
      <Filter>Source Files\Core</Filter>
    </ClCompile>
    <ClCompile Include="Source\LuxCamera.cpp">
      <Filter>Source Files\Graphics</Filter>
    </ClCompile>
    <ClCompile Include="Source\LuxBehaviourSystem.cpp">
      <Filter>Source Files\Core</Filter>
    </ClCompile>
    <ClCompile Include="Source\LuxFreeLookCamera.cpp">
      <Filter>Source Files</Filter>
    </ClCompile>
    <ClCompile Include="Source\LuxLight.cpp">
      <Filter>Source Files\Graphics</Filter>
    </ClCompile>
    <ClCompile Include="Source\Internal\OpenGL\LuxEventListenerOGL.cpp">
      <Filter>Source Files\Core\Internal\OpenGL</Filter>
    </ClCompile>
    <ClCompile Include="Source\Internal\OpenGL\LuxMeshOGL.cpp">
      <Filter>Source Files\Core\Internal\OpenGL</Filter>
    </ClCompile>
    <ClCompile Include="Source\Internal\OpenGL\LuxPlatformOGL.cpp">
      <Filter>Source Files\Core\Internal\OpenGL</Filter>
    </ClCompile>
    <ClCompile Include="Source\Internal\OpenGL\LuxRenderWindowOGL.cpp">
      <Filter>Source Files\Core\Internal\OpenGL</Filter>
    </ClCompile>
    <ClCompile Include="Source\Internal\OpenGL\LuxResourceHandlerOGL.cpp">
      <Filter>Source Files\Core\Internal\OpenGL</Filter>
    </ClCompile>
    <ClCompile Include="Source\Internal\OpenGL\LuxShaderOGL.cpp">
      <Filter>Source Files\Core\Internal\OpenGL</Filter>
    </ClCompile>
    <ClCompile Include="Source\Internal\OpenGL\LuxSubMeshOGL.cpp">
      <Filter>Source Files\Core\Internal\OpenGL</Filter>
    </ClCompile>
    <ClCompile Include="Source\Internal\OpenGL\LuxTexture1DOGL.cpp">
      <Filter>Source Files\Core\Internal\OpenGL</Filter>
    </ClCompile>
    <ClCompile Include="Source\Internal\OpenGL\LuxTexture2DOGL.cpp">
      <Filter>Source Files\Core\Internal\OpenGL</Filter>
    </ClCompile>
    <ClCompile Include="Source\Internal\OpenGL\LuxTexture3DOGL.cpp">
      <Filter>Source Files\Core\Internal\OpenGL</Filter>
    </ClCompile>
    <ClCompile Include="Source\Internal\OpenGL\LuxVertexArrayOGL.cpp">
      <Filter>Source Files\Core\Internal\OpenGL</Filter>
    </ClCompile>
    <ClCompile Include="Source\Internal\OpenGL\LuxBufferOGL.cpp">
      <Filter>Source Files\Core\Internal\OpenGL</Filter>
    </ClCompile>
    <ClCompile Include="Source\Internal\DirectX11\LuxPlatformDX11.cpp">
      <Filter>Source Files\Core\Internal\DirectX11</Filter>
    </ClCompile>
    <ClCompile Include="Source\Internal\DirectX11\LuxRenderWindowDX11.cpp">
      <Filter>Source Files\Core\Internal\DirectX11</Filter>
    </ClCompile>
    <ClCompile Include="Source\Internal\DirectX11\LuxResourceHandlerDX11.cpp">
      <Filter>Source Files\Core\Internal\DirectX11</Filter>
    </ClCompile>
    <ClCompile Include="Source\Internal\DirectX11\LuxEventListenerDX11.cpp">
      <Filter>Source Files\Core\Internal\DirectX11</Filter>
    </ClCompile>
    <ClCompile Include="Source\Internal\DirectX11\LuxMeshDX11.cpp">
      <Filter>Source Files\Core\Internal\DirectX11</Filter>
    </ClCompile>
    <ClCompile Include="Source\Internal\DirectX11\LuxSubMeshDX11.cpp">
      <Filter>Source Files\Core\Internal\DirectX11</Filter>
    </ClCompile>
    <ClCompile Include="Source\Internal\DirectX11\LuxShaderDX11.cpp">
      <Filter>Source Files\Core\Internal\DirectX11</Filter>
    </ClCompile>
    <ClCompile Include="Source\Internal\DirectX11\LuxTexture1DDX11.cpp">
      <Filter>Source Files\Core\Internal\DirectX11</Filter>
    </ClCompile>
    <ClCompile Include="Source\Internal\DirectX11\LuxTexture2DDX11.cpp">
      <Filter>Source Files\Core\Internal\DirectX11</Filter>
    </ClCompile>
    <ClCompile Include="Source\Internal\DirectX11\LuxTexture3DDX11.cpp">
      <Filter>Source Files\Core\Internal\DirectX11</Filter>
    </ClCompile>
    <ClCompile Include="Source\LuxTextureSampler.cpp">
      <Filter>Source Files\Core</Filter>
    </ClCompile>
    <ClCompile Include="Source\Internal\OpenGL\LuxTextureSamplerOGL.cpp">
      <Filter>Source Files\Core\Internal\OpenGL</Filter>
    </ClCompile>
    <ClCompile Include="Source\Internal\DirectX11\LuxTextureSamplerDX11.cpp">
      <Filter>Source Files\Core\Internal\DirectX11</Filter>
    </ClCompile>
    <ClCompile Include="Source\LuxPhysicsSystem.cpp">
      <Filter>Source Files\Physics</Filter>
    </ClCompile>
    <ClCompile Include="Source\LuxDynamicRigidBody.cpp">
      <Filter>Source Files\Physics</Filter>
    </ClCompile>
    <ClCompile Include="Source\LuxStaticRigidBody.cpp">
      <Filter>Source Files\Physics</Filter>
    </ClCompile>
    <ClCompile Include="Source\LuxPhysicsMaterial.cpp">
      <Filter>Source Files\Physics</Filter>
    </ClCompile>
    <ClCompile Include="Source\LuxBehaviour.cpp">
      <Filter>Source Files\Core</Filter>
    </ClCompile>
    <ClCompile Include="Source\LuxMaterialResource.cpp">
      <Filter>Source Files\Core</Filter>
    </ClCompile>
    <ClCompile Include="Source\LuxMaterial.cpp">
      <Filter>Source Files\Graphics</Filter>
    </ClCompile>
  </ItemGroup>
</Project>